
Microsoft Visual Studio Solution File, Format Version 12.00
# Visual Studio Version 16
VisualStudioVersion = 16.0.32602.291
MinimumVisualStudioVersion = 10.0.40219.1
Project("{8BC9CEB8-8B4A-11D0-8D11-00A0C91BC942}") = "sample_1_1HelloWindow", "sample_1_1HelloWindow\sample_1_1HelloWindow.vcxproj", "{2CC9881C-6741-404B-A90B-301D38E20912}"
EndProject
Project("{8BC9CEB8-8B4A-11D0-8D11-00A0C91BC942}") = "sample_1_2HelloTriangle-2", "sample_1_2HelloTriangle-2\sample_1_2HelloTriangle-2.vcxproj", "{FFE86D5E-91D6-44CD-AA3E-08C77F71A02D}"
EndProject
Project("{8BC9CEB8-8B4A-11D0-8D11-00A0C91BC942}") = "sample_1_3HelloRectangle", "sample_1_3HelloRectangle\sample_1_3HelloRectangle.vcxproj", "{EE5885D6-A6B0-4D34-97F0-C9515FA5002C}"
EndProject
Project("{8BC9CEB8-8B4A-11D0-8D11-00A0C91BC942}") = "sample_1_2HelloTriangle-1", "sample_1_2HelloTriangle-1\sample_1_2HelloTriangle-1.vcxproj", "{A810A611-BA6D-48FE-A5E8-677717269357}"
EndProject
Project("{8BC9CEB8-8B4A-11D0-8D11-00A0C91BC942}") = "sample_1_4Practice", "sample_1_4Practice\sample_1_4Practice.vcxproj", "{8B33788B-78D3-4AD9-A218-C39C7572169A}"
EndProject
Project("{8BC9CEB8-8B4A-11D0-8D11-00A0C91BC942}") = "sample_1_5Shader", "sample_1_5Shader\sample_1_5Shader.vcxproj", "{20AC673F-D554-4E20-825B-075D3B99512A}"
EndProject
Project("{8BC9CEB8-8B4A-11D0-8D11-00A0C91BC942}") = "sample_1_5Shader-2", "sample_1_5Shader-2\sample_1_5Shader-2.vcxproj", "{963D9D75-B7C0-4D3B-9ABC-9422CFFADDDE}"
EndProject
Project("{8BC9CEB8-8B4A-11D0-8D11-00A0C91BC942}") = "sample_1_5Shader-3", "sample_1_5Shader-3\sample_1_5Shader-3.vcxproj", "{74AF8DC3-7AFB-4D18-B073-774EEB121997}"
EndProject
Project("{8BC9CEB8-8B4A-11D0-8D11-00A0C91BC942}") = "sample_1_5Shader-Practice", "sample_1_5Shader-Practice\sample_1_5Shader-Practice.vcxproj", "{679690AF-295C-4877-87F3-EDE47108562C}"
EndProject
Project("{8BC9CEB8-8B4A-11D0-8D11-00A0C91BC942}") = "sample_1_6Texture", "sample_1_6Texture\sample_1_6Texture.vcxproj", "{B5F5A57B-CBF6-43DD-BED4-13F77D0BEF33}"
EndProject
Project("{8BC9CEB8-8B4A-11D0-8D11-00A0C91BC942}") = "sample_1_6Texture-Practice", "sample_1_6Texture-Practice\sample_1_6Texture-Practice.vcxproj", "{CF3D2248-601D-4123-A984-373B2852C861}"
EndProject
Project("{8BC9CEB8-8B4A-11D0-8D11-00A0C91BC942}") = "sample_1_7Transform", "sample_1_7Transform\sample_1_7Transform.vcxproj", "{FC5A05A4-7251-4A31-B740-1584E2FB67FA}"
EndProject
Project("{8BC9CEB8-8B4A-11D0-8D11-00A0C91BC942}") = "sample_1_7Transform-Practice", "sample_1_7Transform-Practice\sample_1_7Transform-Practice.vcxproj", "{530FC1D4-1660-4A8D-9F63-A6EB81F29D19}"
EndProject
Project("{8BC9CEB8-8B4A-11D0-8D11-00A0C91BC942}") = "sample_1_8CoordinateSystems", "sample_1_8CoordinateSystems\sample_1_8CoordinateSystems.vcxproj", "{1DD445AA-C3EF-4803-99E1-DF056F3CFE9C}"
EndProject
Project("{8BC9CEB8-8B4A-11D0-8D11-00A0C91BC942}") = "sample_1_8CoordinateSystems-Practice", "sample_1_8CoordinateSystems-Practice\sample_1_8CoordinateSystems-Practice.vcxproj", "{BED3988B-A5D9-45A7-831B-94837ECA895E}"
EndProject
Project("{8BC9CEB8-8B4A-11D0-8D11-00A0C91BC942}") = "sample_1_9Camera", "sample_1_9Camera\sample_1_9Camera.vcxproj", "{CBF404BE-A353-408A-89B7-4AA90627B4CB}"
EndProject
Project("{8BC9CEB8-8B4A-11D0-8D11-00A0C91BC942}") = "sample_1_9Camera-Practice", "sample_1_9Camera-Practice\sample_1_9Camera-Practice.vcxproj", "{8C8E8A30-E433-4A87-9B98-B83620ECAD3F}"
EndProject
Project("{8BC9CEB8-8B4A-11D0-8D11-00A0C91BC942}") = "sample_2_1Colors", "sample_2_1Colors\sample_2_1Colors.vcxproj", "{9C77D1EC-2EF5-4B2F-BA33-50042C8BEA45}"
EndProject
Project("{8BC9CEB8-8B4A-11D0-8D11-00A0C91BC942}") = "sample_2_2BasicLighting", "sample_2_2BasicLighting\sample_2_2BasicLighting.vcxproj", "{AB4D5E33-6A70-4E2F-BFFE-90846265B334}"
EndProject
Project("{8BC9CEB8-8B4A-11D0-8D11-00A0C91BC942}") = "sample_2_2BasicLighting-Practice", "sample_2_2BasicLighting-Practice\sample_2_2BasicLighting-Practice.vcxproj", "{C2AE3D47-473A-4E10-A8B0-2EFDD7965310}"
EndProject
Project("{8BC9CEB8-8B4A-11D0-8D11-00A0C91BC942}") = "sample_2_3Materials", "sample_2_3Materials\sample_2_3Materials.vcxproj", "{1B3AB3B5-3218-4D69-88E6-2A4BDB6A9D46}"
EndProject
Project("{8BC9CEB8-8B4A-11D0-8D11-00A0C91BC942}") = "sample_2_4LightingMaps", "sample_2_4LightingMaps\sample_2_4LightingMaps.vcxproj", "{F3BD8D5A-1D2E-4D0F-A22D-7B2489B59CBF}"
EndProject
Project("{8BC9CEB8-8B4A-11D0-8D11-00A0C91BC942}") = "sample_2_4LightingMaps-Practice", "sample_2_4LightingMaps-Practice\sample_2_4LightingMaps-Practice.vcxproj", "{EC9775EA-674B-4865-8A90-AB1AAD4C4F9F}"
EndProject
Project("{8BC9CEB8-8B4A-11D0-8D11-00A0C91BC942}") = "sample_2_5LightCasters-1", "sample_2_5LightCasters-1\sample_2_5LightCasters-1.vcxproj", "{33A6AD7C-9DAE-4852-8047-9473957D1634}"
EndProject
Global
	GlobalSection(SolutionConfigurationPlatforms) = preSolution
		Debug|x64 = Debug|x64
		Debug|x86 = Debug|x86
		Release|x64 = Release|x64
		Release|x86 = Release|x86
	EndGlobalSection
	GlobalSection(ProjectConfigurationPlatforms) = postSolution
		{2CC9881C-6741-404B-A90B-301D38E20912}.Debug|x64.ActiveCfg = Debug|x64
		{2CC9881C-6741-404B-A90B-301D38E20912}.Debug|x64.Build.0 = Debug|x64
		{2CC9881C-6741-404B-A90B-301D38E20912}.Debug|x86.ActiveCfg = Debug|Win32
		{2CC9881C-6741-404B-A90B-301D38E20912}.Debug|x86.Build.0 = Debug|Win32
		{2CC9881C-6741-404B-A90B-301D38E20912}.Release|x64.ActiveCfg = Release|x64
		{2CC9881C-6741-404B-A90B-301D38E20912}.Release|x64.Build.0 = Release|x64
		{2CC9881C-6741-404B-A90B-301D38E20912}.Release|x86.ActiveCfg = Release|Win32
		{2CC9881C-6741-404B-A90B-301D38E20912}.Release|x86.Build.0 = Release|Win32
		{FFE86D5E-91D6-44CD-AA3E-08C77F71A02D}.Debug|x64.ActiveCfg = Debug|x64
		{FFE86D5E-91D6-44CD-AA3E-08C77F71A02D}.Debug|x64.Build.0 = Debug|x64
		{FFE86D5E-91D6-44CD-AA3E-08C77F71A02D}.Debug|x86.ActiveCfg = Debug|Win32
		{FFE86D5E-91D6-44CD-AA3E-08C77F71A02D}.Debug|x86.Build.0 = Debug|Win32
		{FFE86D5E-91D6-44CD-AA3E-08C77F71A02D}.Release|x64.ActiveCfg = Release|x64
		{FFE86D5E-91D6-44CD-AA3E-08C77F71A02D}.Release|x64.Build.0 = Release|x64
		{FFE86D5E-91D6-44CD-AA3E-08C77F71A02D}.Release|x86.ActiveCfg = Release|Win32
		{FFE86D5E-91D6-44CD-AA3E-08C77F71A02D}.Release|x86.Build.0 = Release|Win32
		{EE5885D6-A6B0-4D34-97F0-C9515FA5002C}.Debug|x64.ActiveCfg = Debug|x64
		{EE5885D6-A6B0-4D34-97F0-C9515FA5002C}.Debug|x64.Build.0 = Debug|x64
		{EE5885D6-A6B0-4D34-97F0-C9515FA5002C}.Debug|x86.ActiveCfg = Debug|Win32
		{EE5885D6-A6B0-4D34-97F0-C9515FA5002C}.Debug|x86.Build.0 = Debug|Win32
		{EE5885D6-A6B0-4D34-97F0-C9515FA5002C}.Release|x64.ActiveCfg = Release|x64
		{EE5885D6-A6B0-4D34-97F0-C9515FA5002C}.Release|x64.Build.0 = Release|x64
		{EE5885D6-A6B0-4D34-97F0-C9515FA5002C}.Release|x86.ActiveCfg = Release|Win32
		{EE5885D6-A6B0-4D34-97F0-C9515FA5002C}.Release|x86.Build.0 = Release|Win32
		{A810A611-BA6D-48FE-A5E8-677717269357}.Debug|x64.ActiveCfg = Debug|x64
		{A810A611-BA6D-48FE-A5E8-677717269357}.Debug|x64.Build.0 = Debug|x64
		{A810A611-BA6D-48FE-A5E8-677717269357}.Debug|x86.ActiveCfg = Debug|Win32
		{A810A611-BA6D-48FE-A5E8-677717269357}.Debug|x86.Build.0 = Debug|Win32
		{A810A611-BA6D-48FE-A5E8-677717269357}.Release|x64.ActiveCfg = Release|x64
		{A810A611-BA6D-48FE-A5E8-677717269357}.Release|x64.Build.0 = Release|x64
		{A810A611-BA6D-48FE-A5E8-677717269357}.Release|x86.ActiveCfg = Release|Win32
		{A810A611-BA6D-48FE-A5E8-677717269357}.Release|x86.Build.0 = Release|Win32
		{8B33788B-78D3-4AD9-A218-C39C7572169A}.Debug|x64.ActiveCfg = Debug|x64
		{8B33788B-78D3-4AD9-A218-C39C7572169A}.Debug|x64.Build.0 = Debug|x64
		{8B33788B-78D3-4AD9-A218-C39C7572169A}.Debug|x86.ActiveCfg = Debug|Win32
		{8B33788B-78D3-4AD9-A218-C39C7572169A}.Debug|x86.Build.0 = Debug|Win32
		{8B33788B-78D3-4AD9-A218-C39C7572169A}.Release|x64.ActiveCfg = Release|x64
		{8B33788B-78D3-4AD9-A218-C39C7572169A}.Release|x64.Build.0 = Release|x64
		{8B33788B-78D3-4AD9-A218-C39C7572169A}.Release|x86.ActiveCfg = Release|Win32
		{8B33788B-78D3-4AD9-A218-C39C7572169A}.Release|x86.Build.0 = Release|Win32
		{20AC673F-D554-4E20-825B-075D3B99512A}.Debug|x64.ActiveCfg = Debug|x64
		{20AC673F-D554-4E20-825B-075D3B99512A}.Debug|x64.Build.0 = Debug|x64
		{20AC673F-D554-4E20-825B-075D3B99512A}.Debug|x86.ActiveCfg = Debug|Win32
		{20AC673F-D554-4E20-825B-075D3B99512A}.Debug|x86.Build.0 = Debug|Win32
		{20AC673F-D554-4E20-825B-075D3B99512A}.Release|x64.ActiveCfg = Release|x64
		{20AC673F-D554-4E20-825B-075D3B99512A}.Release|x64.Build.0 = Release|x64
		{20AC673F-D554-4E20-825B-075D3B99512A}.Release|x86.ActiveCfg = Release|Win32
		{20AC673F-D554-4E20-825B-075D3B99512A}.Release|x86.Build.0 = Release|Win32
		{963D9D75-B7C0-4D3B-9ABC-9422CFFADDDE}.Debug|x64.ActiveCfg = Debug|x64
		{963D9D75-B7C0-4D3B-9ABC-9422CFFADDDE}.Debug|x64.Build.0 = Debug|x64
		{963D9D75-B7C0-4D3B-9ABC-9422CFFADDDE}.Debug|x86.ActiveCfg = Debug|Win32
		{963D9D75-B7C0-4D3B-9ABC-9422CFFADDDE}.Debug|x86.Build.0 = Debug|Win32
		{963D9D75-B7C0-4D3B-9ABC-9422CFFADDDE}.Release|x64.ActiveCfg = Release|x64
		{963D9D75-B7C0-4D3B-9ABC-9422CFFADDDE}.Release|x64.Build.0 = Release|x64
		{963D9D75-B7C0-4D3B-9ABC-9422CFFADDDE}.Release|x86.ActiveCfg = Release|Win32
		{963D9D75-B7C0-4D3B-9ABC-9422CFFADDDE}.Release|x86.Build.0 = Release|Win32
		{74AF8DC3-7AFB-4D18-B073-774EEB121997}.Debug|x64.ActiveCfg = Debug|x64
		{74AF8DC3-7AFB-4D18-B073-774EEB121997}.Debug|x64.Build.0 = Debug|x64
		{74AF8DC3-7AFB-4D18-B073-774EEB121997}.Debug|x86.ActiveCfg = Debug|Win32
		{74AF8DC3-7AFB-4D18-B073-774EEB121997}.Debug|x86.Build.0 = Debug|Win32
		{74AF8DC3-7AFB-4D18-B073-774EEB121997}.Release|x64.ActiveCfg = Release|x64
		{74AF8DC3-7AFB-4D18-B073-774EEB121997}.Release|x64.Build.0 = Release|x64
		{74AF8DC3-7AFB-4D18-B073-774EEB121997}.Release|x86.ActiveCfg = Release|Win32
		{74AF8DC3-7AFB-4D18-B073-774EEB121997}.Release|x86.Build.0 = Release|Win32
		{679690AF-295C-4877-87F3-EDE47108562C}.Debug|x64.ActiveCfg = Debug|x64
		{679690AF-295C-4877-87F3-EDE47108562C}.Debug|x64.Build.0 = Debug|x64
		{679690AF-295C-4877-87F3-EDE47108562C}.Debug|x86.ActiveCfg = Debug|Win32
		{679690AF-295C-4877-87F3-EDE47108562C}.Debug|x86.Build.0 = Debug|Win32
		{679690AF-295C-4877-87F3-EDE47108562C}.Release|x64.ActiveCfg = Release|x64
		{679690AF-295C-4877-87F3-EDE47108562C}.Release|x64.Build.0 = Release|x64
		{679690AF-295C-4877-87F3-EDE47108562C}.Release|x86.ActiveCfg = Release|Win32
		{679690AF-295C-4877-87F3-EDE47108562C}.Release|x86.Build.0 = Release|Win32
		{B5F5A57B-CBF6-43DD-BED4-13F77D0BEF33}.Debug|x64.ActiveCfg = Debug|x64
		{B5F5A57B-CBF6-43DD-BED4-13F77D0BEF33}.Debug|x64.Build.0 = Debug|x64
		{B5F5A57B-CBF6-43DD-BED4-13F77D0BEF33}.Debug|x86.ActiveCfg = Debug|Win32
		{B5F5A57B-CBF6-43DD-BED4-13F77D0BEF33}.Debug|x86.Build.0 = Debug|Win32
		{B5F5A57B-CBF6-43DD-BED4-13F77D0BEF33}.Release|x64.ActiveCfg = Release|x64
		{B5F5A57B-CBF6-43DD-BED4-13F77D0BEF33}.Release|x64.Build.0 = Release|x64
		{B5F5A57B-CBF6-43DD-BED4-13F77D0BEF33}.Release|x86.ActiveCfg = Release|Win32
		{B5F5A57B-CBF6-43DD-BED4-13F77D0BEF33}.Release|x86.Build.0 = Release|Win32
		{CF3D2248-601D-4123-A984-373B2852C861}.Debug|x64.ActiveCfg = Debug|x64
		{CF3D2248-601D-4123-A984-373B2852C861}.Debug|x64.Build.0 = Debug|x64
		{CF3D2248-601D-4123-A984-373B2852C861}.Debug|x86.ActiveCfg = Debug|Win32
		{CF3D2248-601D-4123-A984-373B2852C861}.Debug|x86.Build.0 = Debug|Win32
		{CF3D2248-601D-4123-A984-373B2852C861}.Release|x64.ActiveCfg = Release|x64
		{CF3D2248-601D-4123-A984-373B2852C861}.Release|x64.Build.0 = Release|x64
		{CF3D2248-601D-4123-A984-373B2852C861}.Release|x86.ActiveCfg = Release|Win32
		{CF3D2248-601D-4123-A984-373B2852C861}.Release|x86.Build.0 = Release|Win32
		{FC5A05A4-7251-4A31-B740-1584E2FB67FA}.Debug|x64.ActiveCfg = Debug|x64
		{FC5A05A4-7251-4A31-B740-1584E2FB67FA}.Debug|x64.Build.0 = Debug|x64
		{FC5A05A4-7251-4A31-B740-1584E2FB67FA}.Debug|x86.ActiveCfg = Debug|Win32
		{FC5A05A4-7251-4A31-B740-1584E2FB67FA}.Debug|x86.Build.0 = Debug|Win32
		{FC5A05A4-7251-4A31-B740-1584E2FB67FA}.Release|x64.ActiveCfg = Release|x64
		{FC5A05A4-7251-4A31-B740-1584E2FB67FA}.Release|x64.Build.0 = Release|x64
		{FC5A05A4-7251-4A31-B740-1584E2FB67FA}.Release|x86.ActiveCfg = Release|Win32
		{FC5A05A4-7251-4A31-B740-1584E2FB67FA}.Release|x86.Build.0 = Release|Win32
		{530FC1D4-1660-4A8D-9F63-A6EB81F29D19}.Debug|x64.ActiveCfg = Debug|x64
		{530FC1D4-1660-4A8D-9F63-A6EB81F29D19}.Debug|x64.Build.0 = Debug|x64
		{530FC1D4-1660-4A8D-9F63-A6EB81F29D19}.Debug|x86.ActiveCfg = Debug|Win32
		{530FC1D4-1660-4A8D-9F63-A6EB81F29D19}.Debug|x86.Build.0 = Debug|Win32
		{530FC1D4-1660-4A8D-9F63-A6EB81F29D19}.Release|x64.ActiveCfg = Release|x64
		{530FC1D4-1660-4A8D-9F63-A6EB81F29D19}.Release|x64.Build.0 = Release|x64
		{530FC1D4-1660-4A8D-9F63-A6EB81F29D19}.Release|x86.ActiveCfg = Release|Win32
		{530FC1D4-1660-4A8D-9F63-A6EB81F29D19}.Release|x86.Build.0 = Release|Win32
		{1DD445AA-C3EF-4803-99E1-DF056F3CFE9C}.Debug|x64.ActiveCfg = Debug|x64
		{1DD445AA-C3EF-4803-99E1-DF056F3CFE9C}.Debug|x64.Build.0 = Debug|x64
		{1DD445AA-C3EF-4803-99E1-DF056F3CFE9C}.Debug|x86.ActiveCfg = Debug|Win32
		{1DD445AA-C3EF-4803-99E1-DF056F3CFE9C}.Debug|x86.Build.0 = Debug|Win32
		{1DD445AA-C3EF-4803-99E1-DF056F3CFE9C}.Release|x64.ActiveCfg = Release|x64
		{1DD445AA-C3EF-4803-99E1-DF056F3CFE9C}.Release|x64.Build.0 = Release|x64
		{1DD445AA-C3EF-4803-99E1-DF056F3CFE9C}.Release|x86.ActiveCfg = Release|Win32
		{1DD445AA-C3EF-4803-99E1-DF056F3CFE9C}.Release|x86.Build.0 = Release|Win32
		{BED3988B-A5D9-45A7-831B-94837ECA895E}.Debug|x64.ActiveCfg = Debug|x64
		{BED3988B-A5D9-45A7-831B-94837ECA895E}.Debug|x64.Build.0 = Debug|x64
		{BED3988B-A5D9-45A7-831B-94837ECA895E}.Debug|x86.ActiveCfg = Debug|Win32
		{BED3988B-A5D9-45A7-831B-94837ECA895E}.Debug|x86.Build.0 = Debug|Win32
		{BED3988B-A5D9-45A7-831B-94837ECA895E}.Release|x64.ActiveCfg = Release|x64
		{BED3988B-A5D9-45A7-831B-94837ECA895E}.Release|x64.Build.0 = Release|x64
		{BED3988B-A5D9-45A7-831B-94837ECA895E}.Release|x86.ActiveCfg = Release|Win32
		{BED3988B-A5D9-45A7-831B-94837ECA895E}.Release|x86.Build.0 = Release|Win32
		{CBF404BE-A353-408A-89B7-4AA90627B4CB}.Debug|x64.ActiveCfg = Debug|x64
		{CBF404BE-A353-408A-89B7-4AA90627B4CB}.Debug|x64.Build.0 = Debug|x64
		{CBF404BE-A353-408A-89B7-4AA90627B4CB}.Debug|x86.ActiveCfg = Debug|Win32
		{CBF404BE-A353-408A-89B7-4AA90627B4CB}.Debug|x86.Build.0 = Debug|Win32
		{CBF404BE-A353-408A-89B7-4AA90627B4CB}.Release|x64.ActiveCfg = Release|x64
		{CBF404BE-A353-408A-89B7-4AA90627B4CB}.Release|x64.Build.0 = Release|x64
		{CBF404BE-A353-408A-89B7-4AA90627B4CB}.Release|x86.ActiveCfg = Release|Win32
		{CBF404BE-A353-408A-89B7-4AA90627B4CB}.Release|x86.Build.0 = Release|Win32
		{8C8E8A30-E433-4A87-9B98-B83620ECAD3F}.Debug|x64.ActiveCfg = Debug|x64
		{8C8E8A30-E433-4A87-9B98-B83620ECAD3F}.Debug|x64.Build.0 = Debug|x64
		{8C8E8A30-E433-4A87-9B98-B83620ECAD3F}.Debug|x86.ActiveCfg = Debug|Win32
		{8C8E8A30-E433-4A87-9B98-B83620ECAD3F}.Debug|x86.Build.0 = Debug|Win32
		{8C8E8A30-E433-4A87-9B98-B83620ECAD3F}.Release|x64.ActiveCfg = Release|x64
		{8C8E8A30-E433-4A87-9B98-B83620ECAD3F}.Release|x64.Build.0 = Release|x64
		{8C8E8A30-E433-4A87-9B98-B83620ECAD3F}.Release|x86.ActiveCfg = Release|Win32
		{8C8E8A30-E433-4A87-9B98-B83620ECAD3F}.Release|x86.Build.0 = Release|Win32
		{9C77D1EC-2EF5-4B2F-BA33-50042C8BEA45}.Debug|x64.ActiveCfg = Debug|x64
		{9C77D1EC-2EF5-4B2F-BA33-50042C8BEA45}.Debug|x64.Build.0 = Debug|x64
		{9C77D1EC-2EF5-4B2F-BA33-50042C8BEA45}.Debug|x86.ActiveCfg = Debug|Win32
		{9C77D1EC-2EF5-4B2F-BA33-50042C8BEA45}.Debug|x86.Build.0 = Debug|Win32
		{9C77D1EC-2EF5-4B2F-BA33-50042C8BEA45}.Release|x64.ActiveCfg = Release|x64
		{9C77D1EC-2EF5-4B2F-BA33-50042C8BEA45}.Release|x64.Build.0 = Release|x64
		{9C77D1EC-2EF5-4B2F-BA33-50042C8BEA45}.Release|x86.ActiveCfg = Release|Win32
		{9C77D1EC-2EF5-4B2F-BA33-50042C8BEA45}.Release|x86.Build.0 = Release|Win32
		{AB4D5E33-6A70-4E2F-BFFE-90846265B334}.Debug|x64.ActiveCfg = Debug|x64
		{AB4D5E33-6A70-4E2F-BFFE-90846265B334}.Debug|x64.Build.0 = Debug|x64
		{AB4D5E33-6A70-4E2F-BFFE-90846265B334}.Debug|x86.ActiveCfg = Debug|Win32
		{AB4D5E33-6A70-4E2F-BFFE-90846265B334}.Debug|x86.Build.0 = Debug|Win32
		{AB4D5E33-6A70-4E2F-BFFE-90846265B334}.Release|x64.ActiveCfg = Release|x64
		{AB4D5E33-6A70-4E2F-BFFE-90846265B334}.Release|x64.Build.0 = Release|x64
		{AB4D5E33-6A70-4E2F-BFFE-90846265B334}.Release|x86.ActiveCfg = Release|Win32
		{AB4D5E33-6A70-4E2F-BFFE-90846265B334}.Release|x86.Build.0 = Release|Win32
		{C2AE3D47-473A-4E10-A8B0-2EFDD7965310}.Debug|x64.ActiveCfg = Debug|x64
		{C2AE3D47-473A-4E10-A8B0-2EFDD7965310}.Debug|x64.Build.0 = Debug|x64
		{C2AE3D47-473A-4E10-A8B0-2EFDD7965310}.Debug|x86.ActiveCfg = Debug|Win32
		{C2AE3D47-473A-4E10-A8B0-2EFDD7965310}.Debug|x86.Build.0 = Debug|Win32
		{C2AE3D47-473A-4E10-A8B0-2EFDD7965310}.Release|x64.ActiveCfg = Release|x64
		{C2AE3D47-473A-4E10-A8B0-2EFDD7965310}.Release|x64.Build.0 = Release|x64
		{C2AE3D47-473A-4E10-A8B0-2EFDD7965310}.Release|x86.ActiveCfg = Release|Win32
		{C2AE3D47-473A-4E10-A8B0-2EFDD7965310}.Release|x86.Build.0 = Release|Win32
		{1B3AB3B5-3218-4D69-88E6-2A4BDB6A9D46}.Debug|x64.ActiveCfg = Debug|x64
		{1B3AB3B5-3218-4D69-88E6-2A4BDB6A9D46}.Debug|x64.Build.0 = Debug|x64
		{1B3AB3B5-3218-4D69-88E6-2A4BDB6A9D46}.Debug|x86.ActiveCfg = Debug|Win32
		{1B3AB3B5-3218-4D69-88E6-2A4BDB6A9D46}.Debug|x86.Build.0 = Debug|Win32
		{1B3AB3B5-3218-4D69-88E6-2A4BDB6A9D46}.Release|x64.ActiveCfg = Release|x64
		{1B3AB3B5-3218-4D69-88E6-2A4BDB6A9D46}.Release|x64.Build.0 = Release|x64
		{1B3AB3B5-3218-4D69-88E6-2A4BDB6A9D46}.Release|x86.ActiveCfg = Release|Win32
		{1B3AB3B5-3218-4D69-88E6-2A4BDB6A9D46}.Release|x86.Build.0 = Release|Win32
		{F3BD8D5A-1D2E-4D0F-A22D-7B2489B59CBF}.Debug|x64.ActiveCfg = Debug|x64
		{F3BD8D5A-1D2E-4D0F-A22D-7B2489B59CBF}.Debug|x64.Build.0 = Debug|x64
		{F3BD8D5A-1D2E-4D0F-A22D-7B2489B59CBF}.Debug|x86.ActiveCfg = Debug|Win32
		{F3BD8D5A-1D2E-4D0F-A22D-7B2489B59CBF}.Debug|x86.Build.0 = Debug|Win32
		{F3BD8D5A-1D2E-4D0F-A22D-7B2489B59CBF}.Release|x64.ActiveCfg = Release|x64
		{F3BD8D5A-1D2E-4D0F-A22D-7B2489B59CBF}.Release|x64.Build.0 = Release|x64
		{F3BD8D5A-1D2E-4D0F-A22D-7B2489B59CBF}.Release|x86.ActiveCfg = Release|Win32
		{F3BD8D5A-1D2E-4D0F-A22D-7B2489B59CBF}.Release|x86.Build.0 = Release|Win32
		{EC9775EA-674B-4865-8A90-AB1AAD4C4F9F}.Debug|x64.ActiveCfg = Debug|x64
		{EC9775EA-674B-4865-8A90-AB1AAD4C4F9F}.Debug|x64.Build.0 = Debug|x64
		{EC9775EA-674B-4865-8A90-AB1AAD4C4F9F}.Debug|x86.ActiveCfg = Debug|Win32
		{EC9775EA-674B-4865-8A90-AB1AAD4C4F9F}.Debug|x86.Build.0 = Debug|Win32
		{EC9775EA-674B-4865-8A90-AB1AAD4C4F9F}.Release|x64.ActiveCfg = Release|x64
		{EC9775EA-674B-4865-8A90-AB1AAD4C4F9F}.Release|x64.Build.0 = Release|x64
		{EC9775EA-674B-4865-8A90-AB1AAD4C4F9F}.Release|x86.ActiveCfg = Release|Win32
		{EC9775EA-674B-4865-8A90-AB1AAD4C4F9F}.Release|x86.Build.0 = Release|Win32
		{33A6AD7C-9DAE-4852-8047-9473957D1634}.Debug|x64.ActiveCfg = Debug|x64
		{33A6AD7C-9DAE-4852-8047-9473957D1634}.Debug|x64.Build.0 = Debug|x64
		{33A6AD7C-9DAE-4852-8047-9473957D1634}.Debug|x86.ActiveCfg = Debug|Win32
		{33A6AD7C-9DAE-4852-8047-9473957D1634}.Debug|x86.Build.0 = Debug|Win32
		{33A6AD7C-9DAE-4852-8047-9473957D1634}.Release|x64.ActiveCfg = Release|x64
		{33A6AD7C-9DAE-4852-8047-9473957D1634}.Release|x64.Build.0 = Release|x64
		{33A6AD7C-9DAE-4852-8047-9473957D1634}.Release|x86.ActiveCfg = Release|Win32
		{33A6AD7C-9DAE-4852-8047-9473957D1634}.Release|x86.Build.0 = Release|Win32
	EndGlobalSection
	GlobalSection(SolutionProperties) = preSolution
		HideSolutionNode = FALSE
	EndGlobalSection
	GlobalSection(ExtensibilityGlobals) = postSolution
		SolutionGuid = {AF37E581-3833-40DF-AE91-BCDBFE0AA4F8}
	EndGlobalSection
EndGlobal
